github.com/fatih/structs v1.1.0 h1:Q7juDM0QtcnhCpeyLGQKyg4TOIghuNXrkL32pHAUMxo=
github.com/fatih/structs v1.1.0/go.mod h1:9NiDSp5zOcgEDl+j00MP/WkGVPOlPRLejGD8Ga6PJ7M=
github.com/mitchellh/mapstructure v1.5.0 h1:jeMsZIYE/09sWLaz43PL7Gy6RuMjD2eJVyuac5Z2hdY=
github.com/mitchellh/mapstructure v1.5.0/go.mod h1:bFUtVrKA4DC2yAKiSyO/QUcy7e+RRV2QTWOzhPopBRo=
github.com/pefish/go-test v0.0.4 h1:s1RmZWe91K1MtENJUcl7CjGUFK/TmleZ5h3OkHq/BTI=
github.com/pefish/go-test v0.0.4/go.mod h1:z9DAQQyjfKx0dRTBSaJCOSMwyMjwNEHI+/CBwNaCwk0=
