github.com/pefish/go-error v0.2.0 h1:WNJX9EpOlfhqc8OX/FuLDcgZ+ccDRXdQbikOiMmF9Q8=
github.com/pefish/go-error v0.2.0/go.mod h1:J+uA2hCnHSIbZgezmjvmWBizZTnmFhL5hOIXUqfx+BA=
github.com/pefish/go-reflect v0.0.3 h1:VybCShzI0EbvlcqaebdlqEC/F5fP8beRuNpr/Ia+cr8=
github.com/pefish/go-reflect v0.0.3/go.mod h1:lv3gz/Zh2FsqCq8jqzdCgYpoM41AjE90HtknRbkXhjQ=
